
Microsoft Visual Studio Solution File, Format Version 12.00
# Visual Studio Version 17
VisualStudioVersion = 17.4.33205.214
MinimumVisualStudioVersion = 10.0.40219.1
Project("{2150E333-8FDC-42A3-9474-1A3956D46DE8}") = "Solution Items", "Solution Items", "{DF9CD825-82C3-4DCB-9230-D28264BA8BE6}"
	ProjectSection(SolutionItems) = preProject
		..\..\.gitattributes = ..\..\.gitattributes
		..\..\.gitignore = ..\..\.gitignore
		..\..\README.md = ..\..\README.md
	EndProjectSection
EndProject
Project("{FAE04EC0-301F-11D3-BF4B-00C04F79EFBC}") = "AzureDiskResizer", "AzureDiskResizer\AzureDiskResizer.csproj", "{08644ED3-C485-4096-8E1E-83F0983484DE}"
EndProject
Project("{FAE04EC0-301F-11D3-BF4B-00C04F79EFBC}") = "AzureDiskResizer.Helpers", "AzureDiskResizer.Helpers\AzureDiskResizer.Helpers.csproj", "{B9B25DDE-8584-42C9-9B10-9CD057B7CA1A}"
EndProject
Project("{FAE04EC0-301F-11D3-BF4B-00C04F79EFBC}") = "AzureDiskResizer.Tests", "AzureDiskResizer.Tests\AzureDiskResizer.Tests.csproj", "{7AD71CC8-84F0-4940-9D86-FAAFAF56FC2E}"
EndProject
Global
	GlobalSection(SolutionConfigurationPlatforms) = preSolution
		Debug|Any CPU = Debug|Any CPU
		Release|Any CPU = Release|Any CPU
	EndGlobalSection
	GlobalSection(ProjectConfigurationPlatforms) = postSolution
		{08644ED3-C485-4096-8E1E-83F0983484DE}.Debug|Any CPU.ActiveCfg = Debug|Any CPU
		{08644ED3-C485-4096-8E1E-83F0983484DE}.Debug|Any CPU.Build.0 = Debug|Any CPU
		{08644ED3-C485-4096-8E1E-83F0983484DE}.Release|Any CPU.ActiveCfg = Release|Any CPU
		{08644ED3-C485-4096-8E1E-83F0983484DE}.Release|Any CPU.Build.0 = Release|Any CPU
		{B9B25DDE-8584-42C9-9B10-9CD057B7CA1A}.Debug|Any CPU.ActiveCfg = Debug|Any CPU
		{B9B25DDE-8584-42C9-9B10-9CD057B7CA1A}.Debug|Any CPU.Build.0 = Debug|Any CPU
		{B9B25DDE-8584-42C9-9B10-9CD057B7CA1A}.Release|Any CPU.ActiveCfg = Release|Any CPU
		{B9B25DDE-8584-42C9-9B10-9CD057B7CA1A}.Release|Any CPU.Build.0 = Release|Any CPU
		{7AD71CC8-84F0-4940-9D86-FAAFAF56FC2E}.Debug|Any CPU.ActiveCfg = Debug|Any CPU
		{7AD71CC8-84F0-4940-9D86-FAAFAF56FC2E}.Debug|Any CPU.Build.0 = Debug|Any CPU
		{7AD71CC8-84F0-4940-9D86-FAAFAF56FC2E}.Release|Any CPU.ActiveCfg = Release|Any CPU
		{7AD71CC8-84F0-4940-9D86-FAAFAF56FC2E}.Release|Any CPU.Build.0 = Release|Any CPU
	EndGlobalSection
	GlobalSection(SolutionProperties) = preSolution
		HideSolutionNode = FALSE
	EndGlobalSection
	GlobalSection(ExtensibilityGlobals) = postSolution
		SolutionGuid = {28665A54-BC03-4AAA-BAA8-83906CA40D89}
	EndGlobalSection
EndGlobal
